
Microsoft Visual Studio Solution File, Format Version 12.00
# Visual Studio 15
VisualStudioVersion = 15.0.27004.2002
MinimumVisualStudioVersion = 10.0.40219.1
Project("{FAE04EC0-301F-11D3-BF4B-00C04F79EFBC}") = "WindowsFormsAppCOP", "WindowsFormsAppCOP\WindowsFormsAppCOP.csproj", "{1483A863-D8AE-44AB-BDA2-F579A827E861}"
EndProject
Project("{FAE04EC0-301F-11D3-BF4B-00C04F79EFBC}") = "ControlLibrary", "ControlLibrary\ControlLibrary.csproj", "{2BA7633D-7EC7-4958-B07A-40D85AAF3F7C}"
EndProject
Global
	GlobalSection(SolutionConfigurationPlatforms) = preSolution
		Debug|Any CPU = Debug|Any CPU
		Release|Any CPU = Release|Any CPU
	EndGlobalSection
	GlobalSection(ProjectConfigurationPlatforms) = postSolution
		{1483A863-D8AE-44AB-BDA2-F579A827E861}.Debug|Any CPU.ActiveCfg = Debug|Any CPU
		{1483A863-D8AE-44AB-BDA2-F579A827E861}.Debug|Any CPU.Build.0 = Debug|Any CPU
		{1483A863-D8AE-44AB-BDA2-F579A827E861}.Release|Any CPU.ActiveCfg = Release|Any CPU
		{1483A863-D8AE-44AB-BDA2-F579A827E861}.Release|Any CPU.Build.0 = Release|Any CPU
		{2BA7633D-7EC7-4958-B07A-40D85AAF3F7C}.Debug|Any CPU.ActiveCfg = Debug|Any CPU
		{2BA7633D-7EC7-4958-B07A-40D85AAF3F7C}.Debug|Any CPU.Build.0 = Debug|Any CPU
		{2BA7633D-7EC7-4958-B07A-40D85AAF3F7C}.Release|Any CPU.ActiveCfg = Release|Any CPU
		{2BA7633D-7EC7-4958-B07A-40D85AAF3F7C}.Release|Any CPU.Build.0 = Release|Any CPU
	EndGlobalSection
	GlobalSection(SolutionProperties) = preSolution
		HideSolutionNode = FALSE
	EndGlobalSection
	GlobalSection(ExtensibilityGlobals) = postSolution
		SolutionGuid = {004213EF-75B7-46D0-8A39-264936E91A16}
	EndGlobalSection
EndGlobal
